github.com/callticketron/requesties v0.0.0-20200517235427-fd61e54a47ce h1:BCDUbme+ppQkWkwYp6KxzBnU3kp55xdRYyUeunkU8Mg=
github.com/callticketron/requesties v0.0.0-20200517235427-fd61e54a47ce/go.mod h1:hczM7/6Hfm8FxKw6v7Edqa3P19/lmEERXVwRPybmklY=
github.com/callticketron/requesties v0.0.2 h1:kpdDgjB0Ar5Hpddg96Tl4P3XHpe4KmkuQoF6oRwGxN8=
github.com/callticketron/requesties v0.0.2/go.mod h1:hczM7/6Hfm8FxKw6v7Edqa3P19/lmEERXVwRPybmklY=
